
Microsoft Visual Studio Solution File, Format Version 12.00
# Visual Studio Version 17
VisualStudioVersion = 17.0.32126.317
MinimumVisualStudioVersion = 10.0.40219.1
Project("{FAE04EC0-301F-11D3-BF4B-00C04F79EFBC}") = "StudiScrum0622", "StudiScrum0622.csproj", "{B5F0426A-7786-4521-B864-D4E82F93D1EF}"
EndProject
Global
	GlobalSection(SolutionConfigurationPlatforms) = preSolution
		Debug|Any CPU = Debug|Any CPU
		Release|Any CPU = Release|Any CPU
	EndGlobalSection
	GlobalSection(ProjectConfigurationPlatforms) = postSolution
		{B5F0426A-7786-4521-B864-D4E82F93D1EF}.Debug|Any CPU.ActiveCfg = Debug|Any CPU
		{B5F0426A-7786-4521-B864-D4E82F93D1EF}.Debug|Any CPU.Build.0 = Debug|Any CPU
		{B5F0426A-7786-4521-B864-D4E82F93D1EF}.Release|Any CPU.ActiveCfg = Release|Any CPU
		{B5F0426A-7786-4521-B864-D4E82F93D1EF}.Release|Any CPU.Build.0 = Release|Any CPU
	EndGlobalSection
	GlobalSection(SolutionProperties) = preSolution
		HideSolutionNode = FALSE
	EndGlobalSection
	GlobalSection(ExtensibilityGlobals) = postSolution
		SolutionGuid = {5C7BDFD7-E048-4788-B820-DDEF9B7F55FF}
	EndGlobalSection
EndGlobal
